{
  "name": "partytown-demo",
  "version": "1.0.0",
  "lockfileVersion": 1,
  "requires": true,
  "dependencies": {
    "@builder.io/partytown": {
      "version": "0.3.6",
      "resolved": "https://registry.npmjs.org/@builder.io/partytown/-/partytown-0.3.6.tgz",
      "integrity": "sha512-hmIfzL6rCxxM76ggyM0LMUp/LTJfLzf0JRrbzXFkNYJLw8ZTH8A4N9o170Aa7/EWbvNdk5SD4hBKIKWw03BgZg=="
    }
  }
}
